{
  "requires": true,
  "lockfileVersion": 1,
  "dependencies": {
    "eslint-config-prettier": {
      "version": "8.3.0",
      "resolved": "https://registry.nlark.com/eslint-config-prettier/download/eslint-config-prettier-8.3.0.tgz?cache=0&sync_timestamp=1619270691651&other_urls=https%3A%2F%2Fregistry.nlark.com%2Feslint-config-prettier%2Fdownload%2Feslint-config-prettier-8.3.0.tgz",
      "integrity": "sha1-90cbILb+ipqSVMxoRFQgKIai3Xo=",
      "dev": true
    },
    "eslint-config-standard": {
      "version": "16.0.3",
      "resolved": "https://registry.nlark.com/eslint-config-standard/download/eslint-config-standard-16.0.3.tgz",
      "integrity": "sha1-bIdh5UTpbFMf+SZC7rh4QrhIhRY=",
      "dev": true
    }
  }
}
